
Microsoft Visual Studio Solution File, Format Version 12.00
# Visual Studio Version 17
VisualStudioVersion = 17.14.36310.24
MinimumVisualStudioVersion = 10.0.40219.1
Project("{FAE04EC0-301F-11D3-BF4B-00C04F79EFBC}") = "PraticeV1.API", "PraticeV1.API\PraticeV1.API.csproj", "{B7FD94A2-A521-43A9-A11E-4C73B2A214FD}"
	ProjectSection(ProjectDependencies) = postProject
		{649D93DF-7BCD-4BCA-BB99-08A70120A152} = {649D93DF-7BCD-4BCA-BB99-08A70120A152}
	EndProjectSection
EndProject
Project("{FAE04EC0-301F-11D3-BF4B-00C04F79EFBC}") = "PracticeV1.Infrastructure", "PracticeV1.Infrastructure\PracticeV1.Infrastructure.csproj", "{649D93DF-7BCD-4BCA-BB99-08A70120A152}"
EndProject
Project("{FAE04EC0-301F-11D3-BF4B-00C04F79EFBC}") = "PracticeV1.Domain", "PracticeV1.Domain\PracticeV1.Domain.csproj", "{92DBB187-E80B-4812-BB49-4AEC2B67EBE1}"
EndProject
Project("{FAE04EC0-301F-11D3-BF4B-00C04F79EFBC}") = "PracticeV1.Application", "PracticeV1.Application\PracticeV1.Application.csproj", "{BA08D09B-26BA-48A2-B061-2D3E3F17004D}"
EndProject
Global
	GlobalSection(SolutionConfigurationPlatforms) = preSolution
		Debug|Any CPU = Debug|Any CPU
		Release|Any CPU = Release|Any CPU
	EndGlobalSection
	GlobalSection(ProjectConfigurationPlatforms) = postSolution
		{B7FD94A2-A521-43A9-A11E-4C73B2A214FD}.Debug|Any CPU.ActiveCfg = Debug|Any CPU
		{B7FD94A2-A521-43A9-A11E-4C73B2A214FD}.Debug|Any CPU.Build.0 = Debug|Any CPU
		{B7FD94A2-A521-43A9-A11E-4C73B2A214FD}.Release|Any CPU.ActiveCfg = Release|Any CPU
		{B7FD94A2-A521-43A9-A11E-4C73B2A214FD}.Release|Any CPU.Build.0 = Release|Any CPU
		{649D93DF-7BCD-4BCA-BB99-08A70120A152}.Debug|Any CPU.ActiveCfg = Debug|Any CPU
		{649D93DF-7BCD-4BCA-BB99-08A70120A152}.Debug|Any CPU.Build.0 = Debug|Any CPU
		{649D93DF-7BCD-4BCA-BB99-08A70120A152}.Release|Any CPU.ActiveCfg = Release|Any CPU
		{649D93DF-7BCD-4BCA-BB99-08A70120A152}.Release|Any CPU.Build.0 = Release|Any CPU
		{92DBB187-E80B-4812-BB49-4AEC2B67EBE1}.Debug|Any CPU.ActiveCfg = Debug|Any CPU
		{92DBB187-E80B-4812-BB49-4AEC2B67EBE1}.Debug|Any CPU.Build.0 = Debug|Any CPU
		{92DBB187-E80B-4812-BB49-4AEC2B67EBE1}.Release|Any CPU.ActiveCfg = Release|Any CPU
		{92DBB187-E80B-4812-BB49-4AEC2B67EBE1}.Release|Any CPU.Build.0 = Release|Any CPU
		{BA08D09B-26BA-48A2-B061-2D3E3F17004D}.Debug|Any CPU.ActiveCfg = Debug|Any CPU
		{BA08D09B-26BA-48A2-B061-2D3E3F17004D}.Debug|Any CPU.Build.0 = Debug|Any CPU
		{BA08D09B-26BA-48A2-B061-2D3E3F17004D}.Release|Any CPU.ActiveCfg = Release|Any CPU
		{BA08D09B-26BA-48A2-B061-2D3E3F17004D}.Release|Any CPU.Build.0 = Release|Any CPU
	EndGlobalSection
	GlobalSection(SolutionProperties) = preSolution
		HideSolutionNode = FALSE
	EndGlobalSection
	GlobalSection(ExtensibilityGlobals) = postSolution
		SolutionGuid = {6A75AC02-2A37-4BD6-A9C4-805830920D5D}
	EndGlobalSection
EndGlobal
